
Microsoft Visual Studio Solution File, Format Version 12.00
# Visual Studio 2013
VisualStudioVersion = 12.0.31101.0
MinimumVisualStudioVersion = 10.0.40219.1
Project("{FAE04EC0-301F-11D3-BF4B-00C04F79EFBC}") = "Kulman.WPA81.BaseRestService", "Kulman.WPA81.BaseRestService\Kulman.WPA81.BaseRestService.csproj", "{C08E2B58-8F95-4799-B6A3-4FA0DC740C86}"
EndProject
Project("{FAE04EC0-301F-11D3-BF4B-00C04F79EFBC}") = "Kulman.WPA81.Test", "Kulman.WPA81.Test\Kulman.WPA81.Test.csproj", "{9E824165-97E7-4E88-B0F6-5755A38F2283}"
EndProject
Global
	GlobalSection(SolutionConfigurationPlatforms) = preSolution
		Debug|Any CPU = Debug|Any CPU
		Debug|ARM = Debug|ARM
		Debug|Mixed Platforms = Debug|Mixed Platforms
		Debug|x86 = Debug|x86
		Release|Any CPU = Release|Any CPU
		Release|ARM = Release|ARM
		Release|Mixed Platforms = Release|Mixed Platforms
		Release|x86 = Release|x86
	EndGlobalSection
	GlobalSection(ProjectConfigurationPlatforms) = postSolution
		{C08E2B58-8F95-4799-B6A3-4FA0DC740C86}.Debug|Any CPU.ActiveCfg = Debug|Any CPU
		{C08E2B58-8F95-4799-B6A3-4FA0DC740C86}.Debug|Any CPU.Build.0 = Debug|Any CPU
		{C08E2B58-8F95-4799-B6A3-4FA0DC740C86}.Debug|ARM.ActiveCfg = Debug|Any CPU
		{C08E2B58-8F95-4799-B6A3-4FA0DC740C86}.Debug|Mixed Platforms.ActiveCfg = Debug|Any CPU
		{C08E2B58-8F95-4799-B6A3-4FA0DC740C86}.Debug|Mixed Platforms.Build.0 = Debug|Any CPU
		{C08E2B58-8F95-4799-B6A3-4FA0DC740C86}.Debug|x86.ActiveCfg = Debug|Any CPU
		{C08E2B58-8F95-4799-B6A3-4FA0DC740C86}.Release|Any CPU.ActiveCfg = Release|Any CPU
		{C08E2B58-8F95-4799-B6A3-4FA0DC740C86}.Release|Any CPU.Build.0 = Release|Any CPU
		{C08E2B58-8F95-4799-B6A3-4FA0DC740C86}.Release|ARM.ActiveCfg = Release|Any CPU
		{C08E2B58-8F95-4799-B6A3-4FA0DC740C86}.Release|Mixed Platforms.ActiveCfg = Release|Any CPU
		{C08E2B58-8F95-4799-B6A3-4FA0DC740C86}.Release|Mixed Platforms.Build.0 = Release|Any CPU
		{C08E2B58-8F95-4799-B6A3-4FA0DC740C86}.Release|x86.ActiveCfg = Release|Any CPU
		{9E824165-97E7-4E88-B0F6-5755A38F2283}.Debug|Any CPU.ActiveCfg = Debug|x86
		{9E824165-97E7-4E88-B0F6-5755A38F2283}.Debug|ARM.ActiveCfg = Debug|ARM
		{9E824165-97E7-4E88-B0F6-5755A38F2283}.Debug|ARM.Build.0 = Debug|ARM
		{9E824165-97E7-4E88-B0F6-5755A38F2283}.Debug|ARM.Deploy.0 = Debug|ARM
		{9E824165-97E7-4E88-B0F6-5755A38F2283}.Debug|Mixed Platforms.ActiveCfg = Debug|x86
		{9E824165-97E7-4E88-B0F6-5755A38F2283}.Debug|Mixed Platforms.Build.0 = Debug|x86
		{9E824165-97E7-4E88-B0F6-5755A38F2283}.Debug|Mixed Platforms.Deploy.0 = Debug|x86
		{9E824165-97E7-4E88-B0F6-5755A38F2283}.Debug|x86.ActiveCfg = Debug|x86
		{9E824165-97E7-4E88-B0F6-5755A38F2283}.Debug|x86.Build.0 = Debug|x86
		{9E824165-97E7-4E88-B0F6-5755A38F2283}.Debug|x86.Deploy.0 = Debug|x86
		{9E824165-97E7-4E88-B0F6-5755A38F2283}.Release|Any CPU.ActiveCfg = Release|x86
		{9E824165-97E7-4E88-B0F6-5755A38F2283}.Release|ARM.ActiveCfg = Release|ARM
		{9E824165-97E7-4E88-B0F6-5755A38F2283}.Release|ARM.Build.0 = Release|ARM
		{9E824165-97E7-4E88-B0F6-5755A38F2283}.Release|ARM.Deploy.0 = Release|ARM
		{9E824165-97E7-4E88-B0F6-5755A38F2283}.Release|Mixed Platforms.ActiveCfg = Release|x86
		{9E824165-97E7-4E88-B0F6-5755A38F2283}.Release|Mixed Platforms.Build.0 = Release|x86
		{9E824165-97E7-4E88-B0F6-5755A38F2283}.Release|Mixed Platforms.Deploy.0 = Release|x86
		{9E824165-97E7-4E88-B0F6-5755A38F2283}.Release|x86.ActiveCfg = Release|x86
		{9E824165-97E7-4E88-B0F6-5755A38F2283}.Release|x86.Build.0 = Release|x86
		{9E824165-97E7-4E88-B0F6-5755A38F2283}.Release|x86.Deploy.0 = Release|x86
	EndGlobalSection
	GlobalSection(SolutionProperties) = preSolution
		HideSolutionNode = FALSE
	EndGlobalSection
EndGlobal
